
Microsoft Visual Studio Solution File, Format Version 12.00
# Visual Studio 16
Project("{FAE04EC0-301F-11D3-BF4B-00C04F79EFBC}") = "Assembly-CSharp", "Assembly-CSharp.csproj", "{689DB7EC-86E6-48E1-03B4-8DA5E3EF886C}"
EndProject
Project("{FAE04EC0-301F-11D3-BF4B-00C04F79EFBC}") = "PhotonUnityNetworking.Demos", "PhotonUnityNetworking.Demos.csproj", "{F6CFF8C8-E50F-F9FC-3EBF-E29E05D88075}"
EndProject
Project("{FAE04EC0-301F-11D3-BF4B-00C04F79EFBC}") = "PhotonUnityNetworking.Utilities", "PhotonUnityNetworking.Utilities.csproj", "{D6588517-9A64-C1EC-F00E-4F1BA5952911}"
EndProject
Project("{FAE04EC0-301F-11D3-BF4B-00C04F79EFBC}") = "PhotonChat", "PhotonChat.csproj", "{690FB3B8-33A5-C140-73FA-0F9576509A94}"
EndProject
Project("{FAE04EC0-301F-11D3-BF4B-00C04F79EFBC}") = "PathCreator", "PathCreator.csproj", "{F9A3CDE5-405C-9FCA-5D9F-FCFC547D3C3A}"
EndProject
Project("{FAE04EC0-301F-11D3-BF4B-00C04F79EFBC}") = "Aura2_Core", "Aura2_Core.csproj", "{037CB0F9-6BE3-CA73-F1A5-E60412FC39BC}"
EndProject
Project("{FAE04EC0-301F-11D3-BF4B-00C04F79EFBC}") = "PhotonUnityNetworking", "PhotonUnityNetworking.csproj", "{F6C3608A-3099-C48A-AFCD-1E0184A05D3F}"
EndProject
Project("{FAE04EC0-301F-11D3-BF4B-00C04F79EFBC}") = "PhotonRealtime", "PhotonRealtime.csproj", "{EA3FAFF9-5E5E-8A41-495A-2187C2B27452}"
EndProject
Project("{FAE04EC0-301F-11D3-BF4B-00C04F79EFBC}") = "PhotonWebSocket", "PhotonWebSocket.csproj", "{E5AC9BE6-0545-5578-336B-5CC5C35DC312}"
EndProject
Project("{FAE04EC0-301F-11D3-BF4B-00C04F79EFBC}") = "Aura2_Editor", "Aura2_Editor.csproj", "{1DEACC27-97E7-0CC1-FC3D-E7D9017CD483}"
EndProject
Project("{FAE04EC0-301F-11D3-BF4B-00C04F79EFBC}") = "Assembly-CSharp-Editor", "Assembly-CSharp-Editor.csproj", "{5B91D5AF-ED2B-C494-5D17-774398981D2F}"
EndProject
Project("{FAE04EC0-301F-11D3-BF4B-00C04F79EFBC}") = "PathCreatorEditor", "PathCreatorEditor.csproj", "{982893C9-8F2F-49AD-12E8-97576B2AB4C5}"
EndProject
Project("{FAE04EC0-301F-11D3-BF4B-00C04F79EFBC}") = "PhotonUnityNetworking.Editor", "PhotonUnityNetworking.Editor.csproj", "{E1124E91-4338-4336-EFAF-F2896D78C3D4}"
EndProject
Project("{FAE04EC0-301F-11D3-BF4B-00C04F79EFBC}") = "PunDemos.DemoHubEditor", "PunDemos.DemoHubEditor.csproj", "{B8ABD7CD-6C45-C306-24B0-293DA04E1EBF}"
EndProject
Project("{FAE04EC0-301F-11D3-BF4B-00C04F79EFBC}") = "PhotonUnityNetworking.Utilities.PhotonPlayer.Editor", "PhotonUnityNetworking.Utilities.PhotonPlayer.Editor.csproj", "{9639E1D9-FDF9-D78B-8692-5AB77D54E16C}"
EndProject
Project("{FAE04EC0-301F-11D3-BF4B-00C04F79EFBC}") = "PhotonUnityNetworking.Utilities.Culling.Editor", "PhotonUnityNetworking.Utilities.Culling.Editor.csproj", "{E9F3701D-8D70-510B-53A0-C4CCFF7E78D5}"
EndProject
Project("{FAE04EC0-301F-11D3-BF4B-00C04F79EFBC}") = "PunDemos.DemoSlotcarEditor", "PunDemos.DemoSlotcarEditor.csproj", "{26B70A84-31D8-01DE-37DC-26DA8F071AA7}"
EndProject
Global
	GlobalSection(SolutionConfigurationPlatforms) = preSolution
		Debug|Any CPU = Debug|Any CPU
		Release|Any CPU = Release|Any CPU
	EndGlobalSection
	GlobalSection(ProjectConfigurationPlatforms) = postSolution
		{689DB7EC-86E6-48E1-03B4-8DA5E3EF886C}.Debug|Any CPU.ActiveCfg = Debug|Any CPU
		{689DB7EC-86E6-48E1-03B4-8DA5E3EF886C}.Debug|Any CPU.Build.0 = Debug|Any CPU
		{689DB7EC-86E6-48E1-03B4-8DA5E3EF886C}.Release|Any CPU.ActiveCfg = Release|Any CPU
		{689DB7EC-86E6-48E1-03B4-8DA5E3EF886C}.Release|Any CPU.Build.0 = Release|Any CPU
		{F6CFF8C8-E50F-F9FC-3EBF-E29E05D88075}.Debug|Any CPU.ActiveCfg = Debug|Any CPU
		{F6CFF8C8-E50F-F9FC-3EBF-E29E05D88075}.Debug|Any CPU.Build.0 = Debug|Any CPU
		{F6CFF8C8-E50F-F9FC-3EBF-E29E05D88075}.Release|Any CPU.ActiveCfg = Release|Any CPU
		{F6CFF8C8-E50F-F9FC-3EBF-E29E05D88075}.Release|Any CPU.Build.0 = Release|Any CPU
		{D6588517-9A64-C1EC-F00E-4F1BA5952911}.Debug|Any CPU.ActiveCfg = Debug|Any CPU
		{D6588517-9A64-C1EC-F00E-4F1BA5952911}.Debug|Any CPU.Build.0 = Debug|Any CPU
		{D6588517-9A64-C1EC-F00E-4F1BA5952911}.Release|Any CPU.ActiveCfg = Release|Any CPU
		{D6588517-9A64-C1EC-F00E-4F1BA5952911}.Release|Any CPU.Build.0 = Release|Any CPU
		{690FB3B8-33A5-C140-73FA-0F9576509A94}.Debug|Any CPU.ActiveCfg = Debug|Any CPU
		{690FB3B8-33A5-C140-73FA-0F9576509A94}.Debug|Any CPU.Build.0 = Debug|Any CPU
		{690FB3B8-33A5-C140-73FA-0F9576509A94}.Release|Any CPU.ActiveCfg = Release|Any CPU
		{690FB3B8-33A5-C140-73FA-0F9576509A94}.Release|Any CPU.Build.0 = Release|Any CPU
		{F9A3CDE5-405C-9FCA-5D9F-FCFC547D3C3A}.Debug|Any CPU.ActiveCfg = Debug|Any CPU
		{F9A3CDE5-405C-9FCA-5D9F-FCFC547D3C3A}.Debug|Any CPU.Build.0 = Debug|Any CPU
		{F9A3CDE5-405C-9FCA-5D9F-FCFC547D3C3A}.Release|Any CPU.ActiveCfg = Release|Any CPU
		{F9A3CDE5-405C-9FCA-5D9F-FCFC547D3C3A}.Release|Any CPU.Build.0 = Release|Any CPU
		{037CB0F9-6BE3-CA73-F1A5-E60412FC39BC}.Debug|Any CPU.ActiveCfg = Debug|Any CPU
		{037CB0F9-6BE3-CA73-F1A5-E60412FC39BC}.Debug|Any CPU.Build.0 = Debug|Any CPU
		{037CB0F9-6BE3-CA73-F1A5-E60412FC39BC}.Release|Any CPU.ActiveCfg = Release|Any CPU
		{037CB0F9-6BE3-CA73-F1A5-E60412FC39BC}.Release|Any CPU.Build.0 = Release|Any CPU
		{F6C3608A-3099-C48A-AFCD-1E0184A05D3F}.Debug|Any CPU.ActiveCfg = Debug|Any CPU
		{F6C3608A-3099-C48A-AFCD-1E0184A05D3F}.Debug|Any CPU.Build.0 = Debug|Any CPU
		{F6C3608A-3099-C48A-AFCD-1E0184A05D3F}.Release|Any CPU.ActiveCfg = Release|Any CPU
		{F6C3608A-3099-C48A-AFCD-1E0184A05D3F}.Release|Any CPU.Build.0 = Release|Any CPU
		{EA3FAFF9-5E5E-8A41-495A-2187C2B27452}.Debug|Any CPU.ActiveCfg = Debug|Any CPU
		{EA3FAFF9-5E5E-8A41-495A-2187C2B27452}.Debug|Any CPU.Build.0 = Debug|Any CPU
		{EA3FAFF9-5E5E-8A41-495A-2187C2B27452}.Release|Any CPU.ActiveCfg = Release|Any CPU
		{EA3FAFF9-5E5E-8A41-495A-2187C2B27452}.Release|Any CPU.Build.0 = Release|Any CPU
		{E5AC9BE6-0545-5578-336B-5CC5C35DC312}.Debug|Any CPU.ActiveCfg = Debug|Any CPU
		{E5AC9BE6-0545-5578-336B-5CC5C35DC312}.Debug|Any CPU.Build.0 = Debug|Any CPU
		{E5AC9BE6-0545-5578-336B-5CC5C35DC312}.Release|Any CPU.ActiveCfg = Release|Any CPU
		{E5AC9BE6-0545-5578-336B-5CC5C35DC312}.Release|Any CPU.Build.0 = Release|Any CPU
		{1DEACC27-97E7-0CC1-FC3D-E7D9017CD483}.Debug|Any CPU.ActiveCfg = Debug|Any CPU
		{1DEACC27-97E7-0CC1-FC3D-E7D9017CD483}.Debug|Any CPU.Build.0 = Debug|Any CPU
		{1DEACC27-97E7-0CC1-FC3D-E7D9017CD483}.Release|Any CPU.ActiveCfg = Release|Any CPU
		{1DEACC27-97E7-0CC1-FC3D-E7D9017CD483}.Release|Any CPU.Build.0 = Release|Any CPU
		{5B91D5AF-ED2B-C494-5D17-774398981D2F}.Debug|Any CPU.ActiveCfg = Debug|Any CPU
		{5B91D5AF-ED2B-C494-5D17-774398981D2F}.Debug|Any CPU.Build.0 = Debug|Any CPU
		{5B91D5AF-ED2B-C494-5D17-774398981D2F}.Release|Any CPU.ActiveCfg = Release|Any CPU
		{5B91D5AF-ED2B-C494-5D17-774398981D2F}.Release|Any CPU.Build.0 = Release|Any CPU
		{982893C9-8F2F-49AD-12E8-97576B2AB4C5}.Debug|Any CPU.ActiveCfg = Debug|Any CPU
		{982893C9-8F2F-49AD-12E8-97576B2AB4C5}.Debug|Any CPU.Build.0 = Debug|Any CPU
		{982893C9-8F2F-49AD-12E8-97576B2AB4C5}.Release|Any CPU.ActiveCfg = Release|Any CPU
		{982893C9-8F2F-49AD-12E8-97576B2AB4C5}.Release|Any CPU.Build.0 = Release|Any CPU
		{E1124E91-4338-4336-EFAF-F2896D78C3D4}.Debug|Any CPU.ActiveCfg = Debug|Any CPU
		{E1124E91-4338-4336-EFAF-F2896D78C3D4}.Debug|Any CPU.Build.0 = Debug|Any CPU
		{E1124E91-4338-4336-EFAF-F2896D78C3D4}.Release|Any CPU.ActiveCfg = Release|Any CPU
		{E1124E91-4338-4336-EFAF-F2896D78C3D4}.Release|Any CPU.Build.0 = Release|Any CPU
		{B8ABD7CD-6C45-C306-24B0-293DA04E1EBF}.Debug|Any CPU.ActiveCfg = Debug|Any CPU
		{B8ABD7CD-6C45-C306-24B0-293DA04E1EBF}.Debug|Any CPU.Build.0 = Debug|Any CPU
		{B8ABD7CD-6C45-C306-24B0-293DA04E1EBF}.Release|Any CPU.ActiveCfg = Release|Any CPU
		{B8ABD7CD-6C45-C306-24B0-293DA04E1EBF}.Release|Any CPU.Build.0 = Release|Any CPU
		{9639E1D9-FDF9-D78B-8692-5AB77D54E16C}.Debug|Any CPU.ActiveCfg = Debug|Any CPU
		{9639E1D9-FDF9-D78B-8692-5AB77D54E16C}.Debug|Any CPU.Build.0 = Debug|Any CPU
		{9639E1D9-FDF9-D78B-8692-5AB77D54E16C}.Release|Any CPU.ActiveCfg = Release|Any CPU
		{9639E1D9-FDF9-D78B-8692-5AB77D54E16C}.Release|Any CPU.Build.0 = Release|Any CPU
		{E9F3701D-8D70-510B-53A0-C4CCFF7E78D5}.Debug|Any CPU.ActiveCfg = Debug|Any CPU
		{E9F3701D-8D70-510B-53A0-C4CCFF7E78D5}.Debug|Any CPU.Build.0 = Debug|Any CPU
		{E9F3701D-8D70-510B-53A0-C4CCFF7E78D5}.Release|Any CPU.ActiveCfg = Release|Any CPU
		{E9F3701D-8D70-510B-53A0-C4CCFF7E78D5}.Release|Any CPU.Build.0 = Release|Any CPU
		{26B70A84-31D8-01DE-37DC-26DA8F071AA7}.Debug|Any CPU.ActiveCfg = Debug|Any CPU
		{26B70A84-31D8-01DE-37DC-26DA8F071AA7}.Debug|Any CPU.Build.0 = Debug|Any CPU
		{26B70A84-31D8-01DE-37DC-26DA8F071AA7}.Release|Any CPU.ActiveCfg = Release|Any CPU
		{26B70A84-31D8-01DE-37DC-26DA8F071AA7}.Release|Any CPU.Build.0 = Release|Any CPU
	EndGlobalSection
	GlobalSection(SolutionProperties) = preSolution
		HideSolutionNode = FALSE
	EndGlobalSection
EndGlobal
